
Microsoft Visual Studio Solution File, Format Version 12.00
# Visual Studio 15
VisualStudioVersion = 15.0.28307.421
MinimumVisualStudioVersion = 10.0.40219.1
Project("{FAE04EC0-301F-11D3-BF4B-00C04F79EFBC}") = "Work", "Work\Work.csproj", "{71072A24-1DE4-49F1-BBEE-C08543C11262}"
EndProject
Global
	GlobalSection(SolutionConfigurationPlatforms) = preSolution
		Debug|Any CPU = Debug|Any CPU
		Release|Any CPU = Release|Any CPU
	EndGlobalSection
	GlobalSection(ProjectConfigurationPlatforms) = postSolution
		{71072A24-1DE4-49F1-BBEE-C08543C11262}.Debug|Any CPU.ActiveCfg = Debug|Any CPU
		{71072A24-1DE4-49F1-BBEE-C08543C11262}.Debug|Any CPU.Build.0 = Debug|Any CPU
		{71072A24-1DE4-49F1-BBEE-C08543C11262}.Release|Any CPU.ActiveCfg = Release|Any CPU
		{71072A24-1DE4-49F1-BBEE-C08543C11262}.Release|Any CPU.Build.0 = Release|Any CPU
	EndGlobalSection
	GlobalSection(SolutionProperties) = preSolution
		HideSolutionNode = FALSE
	EndGlobalSection
	GlobalSection(ExtensibilityGlobals) = postSolution
		SolutionGuid = {51267496-F01F-4EBF-A8C4-D5FCB029AB89}
	EndGlobalSection
EndGlobal
