
Microsoft Visual Studio Solution File, Format Version 12.00
# Visual Studio 15
VisualStudioVersion = 15.0.28307.329
MinimumVisualStudioVersion = 10.0.40219.1
Project("{FAE04EC0-301F-11D3-BF4B-00C04F79EFBC}") = "Task4", "Task4\Task4.csproj", "{C7AA75F6-37BD-4367-B49F-072CFAC6C0BD}"
EndProject
Global
	GlobalSection(SolutionConfigurationPlatforms) = preSolution
		Debug|Any CPU = Debug|Any CPU
		Release|Any CPU = Release|Any CPU
	EndGlobalSection
	GlobalSection(ProjectConfigurationPlatforms) = postSolution
		{C7AA75F6-37BD-4367-B49F-072CFAC6C0BD}.Debug|Any CPU.ActiveCfg = Debug|Any CPU
		{C7AA75F6-37BD-4367-B49F-072CFAC6C0BD}.Debug|Any CPU.Build.0 = Debug|Any CPU
		{C7AA75F6-37BD-4367-B49F-072CFAC6C0BD}.Release|Any CPU.ActiveCfg = Release|Any CPU
		{C7AA75F6-37BD-4367-B49F-072CFAC6C0BD}.Release|Any CPU.Build.0 = Release|Any CPU
	EndGlobalSection
	GlobalSection(SolutionProperties) = preSolution
		HideSolutionNode = FALSE
	EndGlobalSection
	GlobalSection(ExtensibilityGlobals) = postSolution
		SolutionGuid = {ED393FF9-C9B4-4962-8D02-230A2B119BC5}
	EndGlobalSection
EndGlobal
