
Microsoft Visual Studio Solution File, Format Version 12.00
# Visual Studio 15
VisualStudioVersion = 15.0.28307.421
MinimumVisualStudioVersion = 10.0.40219.1
Project("{FAE04EC0-301F-11D3-BF4B-00C04F79EFBC}") = "Lect Bobur  0604", "Lect Bobur  0604\Lect Bobur  0604.csproj", "{78629CE5-B287-4D17-9B56-1F59EC3562D0}"
EndProject
Global
	GlobalSection(SolutionConfigurationPlatforms) = preSolution
		Debug|Any CPU = Debug|Any CPU
		Release|Any CPU = Release|Any CPU
	EndGlobalSection
	GlobalSection(ProjectConfigurationPlatforms) = postSolution
		{78629CE5-B287-4D17-9B56-1F59EC3562D0}.Debug|Any CPU.ActiveCfg = Debug|Any CPU
		{78629CE5-B287-4D17-9B56-1F59EC3562D0}.Debug|Any CPU.Build.0 = Debug|Any CPU
		{78629CE5-B287-4D17-9B56-1F59EC3562D0}.Release|Any CPU.ActiveCfg = Release|Any CPU
		{78629CE5-B287-4D17-9B56-1F59EC3562D0}.Release|Any CPU.Build.0 = Release|Any CPU
	EndGlobalSection
	GlobalSection(SolutionProperties) = preSolution
		HideSolutionNode = FALSE
	EndGlobalSection
	GlobalSection(ExtensibilityGlobals) = postSolution
		SolutionGuid = {11C59172-BD64-456B-8E22-0DF7D329D070}
	EndGlobalSection
EndGlobal
