
Microsoft Visual Studio Solution File, Format Version 12.00
# Visual Studio 15
VisualStudioVersion = 15.0.28307.421
MinimumVisualStudioVersion = 10.0.40219.1
Project("{FAE04EC0-301F-11D3-BF4B-00C04F79EFBC}") = "PaintMove", "PaintMove\PaintMove.csproj", "{865656D0-9331-414C-B95A-62FF62EC5588}"
EndProject
Global
	GlobalSection(SolutionConfigurationPlatforms) = preSolution
		Debug|Any CPU = Debug|Any CPU
		Release|Any CPU = Release|Any CPU
	EndGlobalSection
	GlobalSection(ProjectConfigurationPlatforms) = postSolution
		{865656D0-9331-414C-B95A-62FF62EC5588}.Debug|Any CPU.ActiveCfg = Debug|Any CPU
		{865656D0-9331-414C-B95A-62FF62EC5588}.Debug|Any CPU.Build.0 = Debug|Any CPU
		{865656D0-9331-414C-B95A-62FF62EC5588}.Release|Any CPU.ActiveCfg = Release|Any CPU
		{865656D0-9331-414C-B95A-62FF62EC5588}.Release|Any CPU.Build.0 = Release|Any CPU
	EndGlobalSection
	GlobalSection(SolutionProperties) = preSolution
		HideSolutionNode = FALSE
	EndGlobalSection
	GlobalSection(ExtensibilityGlobals) = postSolution
		SolutionGuid = {151D15D8-1042-4728-BCF9-0CAFEF3C0501}
	EndGlobalSection
EndGlobal
