
Microsoft Visual Studio Solution File, Format Version 12.00
# Visual Studio 14
VisualStudioVersion = 14.0.25420.1
MinimumVisualStudioVersion = 10.0.40219.1
Project("{FAE04EC0-301F-11D3-BF4B-00C04F79EFBC}") = "MySnake", "MySnake\MySnake.csproj", "{E3CEF0B3-A013-4182-9F74-A5F67A673B5E}"
EndProject
Global
	GlobalSection(SolutionConfigurationPlatforms) = preSolution
		Debug|Any CPU = Debug|Any CPU
		Release|Any CPU = Release|Any CPU
	EndGlobalSection
	GlobalSection(ProjectConfigurationPlatforms) = postSolution
		{E3CEF0B3-A013-4182-9F74-A5F67A673B5E}.Debug|Any CPU.ActiveCfg = Debug|Any CPU
		{E3CEF0B3-A013-4182-9F74-A5F67A673B5E}.Debug|Any CPU.Build.0 = Debug|Any CPU
		{E3CEF0B3-A013-4182-9F74-A5F67A673B5E}.Release|Any CPU.ActiveCfg = Release|Any CPU
		{E3CEF0B3-A013-4182-9F74-A5F67A673B5E}.Release|Any CPU.Build.0 = Release|Any CPU
	EndGlobalSection
	GlobalSection(SolutionProperties) = preSolution
		HideSolutionNode = FALSE
	EndGlobalSection
EndGlobal
