
Microsoft Visual Studio Solution File, Format Version 12.00
# Visual Studio 15
VisualStudioVersion = 15.0.28307.421
MinimumVisualStudioVersion = 10.0.40219.1
Project("{FAE04EC0-301F-11D3-BF4B-00C04F79EFBC}") = "Database1", "Database1\Database1.csproj", "{DCFE110C-F9C9-473D-8091-4384EBD3F449}"
EndProject
Global
	GlobalSection(SolutionConfigurationPlatforms) = preSolution
		Debug|Any CPU = Debug|Any CPU
		Release|Any CPU = Release|Any CPU
	EndGlobalSection
	GlobalSection(ProjectConfigurationPlatforms) = postSolution
		{DCFE110C-F9C9-473D-8091-4384EBD3F449}.Debug|Any CPU.ActiveCfg = Debug|Any CPU
		{DCFE110C-F9C9-473D-8091-4384EBD3F449}.Debug|Any CPU.Build.0 = Debug|Any CPU
		{DCFE110C-F9C9-473D-8091-4384EBD3F449}.Release|Any CPU.ActiveCfg = Release|Any CPU
		{DCFE110C-F9C9-473D-8091-4384EBD3F449}.Release|Any CPU.Build.0 = Release|Any CPU
	EndGlobalSection
	GlobalSection(SolutionProperties) = preSolution
		HideSolutionNode = FALSE
	EndGlobalSection
	GlobalSection(ExtensibilityGlobals) = postSolution
		SolutionGuid = {4FC32A55-6A3E-427F-AAF2-396B40F5D4F0}
	EndGlobalSection
EndGlobal
