
Microsoft Visual Studio Solution File, Format Version 12.00
# Visual Studio 15
VisualStudioVersion = 15.0.28307.421
MinimumVisualStudioVersion = 10.0.40219.1
Project("{FAE04EC0-301F-11D3-BF4B-00C04F79EFBC}") = "ewee", "ewee\ewee.csproj", "{198B7AED-8971-41ED-8C26-42FEE01D7220}"
EndProject
Global
	GlobalSection(SolutionConfigurationPlatforms) = preSolution
		Debug|Any CPU = Debug|Any CPU
		Release|Any CPU = Release|Any CPU
	EndGlobalSection
	GlobalSection(ProjectConfigurationPlatforms) = postSolution
		{198B7AED-8971-41ED-8C26-42FEE01D7220}.Debug|Any CPU.ActiveCfg = Debug|Any CPU
		{198B7AED-8971-41ED-8C26-42FEE01D7220}.Debug|Any CPU.Build.0 = Debug|Any CPU
		{198B7AED-8971-41ED-8C26-42FEE01D7220}.Release|Any CPU.ActiveCfg = Release|Any CPU
		{198B7AED-8971-41ED-8C26-42FEE01D7220}.Release|Any CPU.Build.0 = Release|Any CPU
	EndGlobalSection
	GlobalSection(SolutionProperties) = preSolution
		HideSolutionNode = FALSE
	EndGlobalSection
	GlobalSection(ExtensibilityGlobals) = postSolution
		SolutionGuid = {879F1C3F-1EE8-4FCA-AF26-0BC3CCB115A4}
	EndGlobalSection
EndGlobal
