
Microsoft Visual Studio Solution File, Format Version 12.00
# Visual Studio 15
VisualStudioVersion = 15.0.28307.421
MinimumVisualStudioVersion = 10.0.40219.1
Project("{FAE04EC0-301F-11D3-BF4B-00C04F79EFBC}") = "NewCalc", "NewCalc\NewCalc.csproj", "{916D3800-64CC-449B-B675-06DD6A8EF6CB}"
EndProject
Global
	GlobalSection(SolutionConfigurationPlatforms) = preSolution
		Debug|Any CPU = Debug|Any CPU
		Release|Any CPU = Release|Any CPU
	EndGlobalSection
	GlobalSection(ProjectConfigurationPlatforms) = postSolution
		{916D3800-64CC-449B-B675-06DD6A8EF6CB}.Debug|Any CPU.ActiveCfg = Debug|Any CPU
		{916D3800-64CC-449B-B675-06DD6A8EF6CB}.Debug|Any CPU.Build.0 = Debug|Any CPU
		{916D3800-64CC-449B-B675-06DD6A8EF6CB}.Release|Any CPU.ActiveCfg = Release|Any CPU
		{916D3800-64CC-449B-B675-06DD6A8EF6CB}.Release|Any CPU.Build.0 = Release|Any CPU
	EndGlobalSection
	GlobalSection(SolutionProperties) = preSolution
		HideSolutionNode = FALSE
	EndGlobalSection
	GlobalSection(ExtensibilityGlobals) = postSolution
		SolutionGuid = {4699CB29-317A-4D25-A82E-0FCA6F8BF6F6}
	EndGlobalSection
EndGlobal
