
Microsoft Visual Studio Solution File, Format Version 12.00
# Visual Studio 15
VisualStudioVersion = 15.0.28307.329
MinimumVisualStudioVersion = 10.0.40219.1
Project("{FAE04EC0-301F-11D3-BF4B-00C04F79EFBC}") = "Task4", "Task4\Task4.csproj", "{967D1CD5-53E7-4DF1-B9F9-BF69672797EB}"
EndProject
Global
	GlobalSection(SolutionConfigurationPlatforms) = preSolution
		Debug|Any CPU = Debug|Any CPU
		Release|Any CPU = Release|Any CPU
	EndGlobalSection
	GlobalSection(ProjectConfigurationPlatforms) = postSolution
		{967D1CD5-53E7-4DF1-B9F9-BF69672797EB}.Debug|Any CPU.ActiveCfg = Debug|Any CPU
		{967D1CD5-53E7-4DF1-B9F9-BF69672797EB}.Debug|Any CPU.Build.0 = Debug|Any CPU
		{967D1CD5-53E7-4DF1-B9F9-BF69672797EB}.Release|Any CPU.ActiveCfg = Release|Any CPU
		{967D1CD5-53E7-4DF1-B9F9-BF69672797EB}.Release|Any CPU.Build.0 = Release|Any CPU
	EndGlobalSection
	GlobalSection(SolutionProperties) = preSolution
		HideSolutionNode = FALSE
	EndGlobalSection
	GlobalSection(ExtensibilityGlobals) = postSolution
		SolutionGuid = {D7DFAC59-1E33-446A-8893-D3AE338A60AF}
	EndGlobalSection
EndGlobal
