
Microsoft Visual Studio Solution File, Format Version 12.00
# Visual Studio 15
VisualStudioVersion = 15.0.28307.421
MinimumVisualStudioVersion = 10.0.40219.1
Project("{FAE04EC0-301F-11D3-BF4B-00C04F79EFBC}") = "ConsoleApp2", "ConsoleApp2\ConsoleApp2.csproj", "{571B05FB-E0E6-4B0B-A306-53449132367E}"
EndProject
Global
	GlobalSection(SolutionConfigurationPlatforms) = preSolution
		Debug|Any CPU = Debug|Any CPU
		Release|Any CPU = Release|Any CPU
	EndGlobalSection
	GlobalSection(ProjectConfigurationPlatforms) = postSolution
		{571B05FB-E0E6-4B0B-A306-53449132367E}.Debug|Any CPU.ActiveCfg = Debug|Any CPU
		{571B05FB-E0E6-4B0B-A306-53449132367E}.Debug|Any CPU.Build.0 = Debug|Any CPU
		{571B05FB-E0E6-4B0B-A306-53449132367E}.Release|Any CPU.ActiveCfg = Release|Any CPU
		{571B05FB-E0E6-4B0B-A306-53449132367E}.Release|Any CPU.Build.0 = Release|Any CPU
	EndGlobalSection
	GlobalSection(SolutionProperties) = preSolution
		HideSolutionNode = FALSE
	EndGlobalSection
	GlobalSection(ExtensibilityGlobals) = postSolution
		SolutionGuid = {ED6F8EC8-726C-4213-A881-C727FA5A3F93}
	EndGlobalSection
EndGlobal
