
Microsoft Visual Studio Solution File, Format Version 12.00
# Visual Studio 15
VisualStudioVersion = 15.0.28307.421
MinimumVisualStudioVersion = 10.0.40219.1
Project("{FAE04EC0-301F-11D3-BF4B-00C04F79EFBC}") = "lect", "lect\lect.csproj", "{860A9BA1-65DA-40E8-BC08-312C637CF6E1}"
EndProject
Global
	GlobalSection(SolutionConfigurationPlatforms) = preSolution
		Debug|Any CPU = Debug|Any CPU
		Release|Any CPU = Release|Any CPU
	EndGlobalSection
	GlobalSection(ProjectConfigurationPlatforms) = postSolution
		{860A9BA1-65DA-40E8-BC08-312C637CF6E1}.Debug|Any CPU.ActiveCfg = Debug|Any CPU
		{860A9BA1-65DA-40E8-BC08-312C637CF6E1}.Debug|Any CPU.Build.0 = Debug|Any CPU
		{860A9BA1-65DA-40E8-BC08-312C637CF6E1}.Release|Any CPU.ActiveCfg = Release|Any CPU
		{860A9BA1-65DA-40E8-BC08-312C637CF6E1}.Release|Any CPU.Build.0 = Release|Any CPU
	EndGlobalSection
	GlobalSection(SolutionProperties) = preSolution
		HideSolutionNode = FALSE
	EndGlobalSection
	GlobalSection(ExtensibilityGlobals) = postSolution
		SolutionGuid = {F01C525B-04B8-423D-96ED-1852B680935D}
	EndGlobalSection
EndGlobal
